
Microsoft Visual Studio Solution File, Format Version 12.00
# Visual Studio Version 16
VisualStudioVersion = 16.0.29519.181
MinimumVisualStudioVersion = 10.0.40219.1
Project("{FAE04EC0-301F-11D3-BF4B-00C04F79EFBC}") = "EmguCVIDCardRecognizer", "EmguCVIDCardRecognizer\EmguCVIDCardRecognizer.csproj", "{DEA47526-01F3-4F5A-8DFA-1AFA7AA65AB6}"
EndProject
Global
	GlobalSection(SolutionConfigurationPlatforms) = preSolution
		Debug|Any CPU = Debug|Any CPU
		Release|Any CPU = Release|Any CPU
	EndGlobalSection
	GlobalSection(ProjectConfigurationPlatforms) = postSolution
		{DEA47526-01F3-4F5A-8DFA-1AFA7AA65AB6}.Debug|Any CPU.ActiveCfg = Debug|Any CPU
		{DEA47526-01F3-4F5A-8DFA-1AFA7AA65AB6}.Debug|Any CPU.Build.0 = Debug|Any CPU
		{DEA47526-01F3-4F5A-8DFA-1AFA7AA65AB6}.Release|Any CPU.ActiveCfg = Release|Any CPU
		{DEA47526-01F3-4F5A-8DFA-1AFA7AA65AB6}.Release|Any CPU.Build.0 = Release|Any CPU
	EndGlobalSection
	GlobalSection(SolutionProperties) = preSolution
		HideSolutionNode = FALSE
	EndGlobalSection
	GlobalSection(ExtensibilityGlobals) = postSolution
		SolutionGuid = {D536CACC-76B6-4C73-8003-CCAA8436604A}
	EndGlobalSection
EndGlobal
